
Microsoft Visual Studio Solution File, Format Version 12.00
# Visual Studio 15
VisualStudioVersion = 15.0.28307.572
MinimumVisualStudioVersion = 10.0.40219.1
Project("{FAE04EC0-301F-11D3-BF4B-00C04F79EFBC}") = "TodoList.Android", "TodoList\TodoList.Android\TodoList.Android.csproj", "{98627D38-7F13-4EE8-B32A-3C4D850E2AC4}"
EndProject
Project("{9A19103F-16F7-4668-BE54-9A1E7A4F7556}") = "TodoList", "TodoList\TodoList\TodoList.csproj", "{ECDF2A11-5759-47A4-853A-A453FCED0A27}"
EndProject
Project("{2150E333-8FDC-42A3-9474-1A3956D46DE8}") = "Solution Items", "Solution Items", "{441896ED-77DB-4D47-ACE9-3E026DA5772B}"
	ProjectSection(SolutionItems) = preProject
		.gitignore = .gitignore
		Images\creating_note.png = Images\creating_note.png
		Images\done_list.png = Images\done_list.png
		README.md = README.md
		Images\undone_list.png = Images\undone_list.png
	EndProjectSection
EndProject
Global
	GlobalSection(SolutionConfigurationPlatforms) = preSolution
		Debug|Any CPU = Debug|Any CPU
		Release|Any CPU = Release|Any CPU
	EndGlobalSection
	GlobalSection(ProjectConfigurationPlatforms) = postSolution
		{98627D38-7F13-4EE8-B32A-3C4D850E2AC4}.Debug|Any CPU.ActiveCfg = Debug|Any CPU
		{98627D38-7F13-4EE8-B32A-3C4D850E2AC4}.Debug|Any CPU.Build.0 = Debug|Any CPU
		{98627D38-7F13-4EE8-B32A-3C4D850E2AC4}.Debug|Any CPU.Deploy.0 = Debug|Any CPU
		{98627D38-7F13-4EE8-B32A-3C4D850E2AC4}.Release|Any CPU.ActiveCfg = Release|Any CPU
		{98627D38-7F13-4EE8-B32A-3C4D850E2AC4}.Release|Any CPU.Build.0 = Release|Any CPU
		{98627D38-7F13-4EE8-B32A-3C4D850E2AC4}.Release|Any CPU.Deploy.0 = Release|Any CPU
		{ECDF2A11-5759-47A4-853A-A453FCED0A27}.Debug|Any CPU.ActiveCfg = Debug|Any CPU
		{ECDF2A11-5759-47A4-853A-A453FCED0A27}.Debug|Any CPU.Build.0 = Debug|Any CPU
		{ECDF2A11-5759-47A4-853A-A453FCED0A27}.Release|Any CPU.ActiveCfg = Release|Any CPU
		{ECDF2A11-5759-47A4-853A-A453FCED0A27}.Release|Any CPU.Build.0 = Release|Any CPU
	EndGlobalSection
	GlobalSection(SolutionProperties) = preSolution
		HideSolutionNode = FALSE
	EndGlobalSection
	GlobalSection(ExtensibilityGlobals) = postSolution
		SolutionGuid = {38A1A9AB-9FF1-4F4E-9381-ED1E5B52F157}
	EndGlobalSection
EndGlobal
